
Microsoft Visual Studio Solution File, Format Version 12.00
# Visual Studio Version 17
VisualStudioVersion = 17.13.35825.156
MinimumVisualStudioVersion = 10.0.40219.1
Project("{2150E333-8FDC-42A3-9474-1A3956D46DE8}") = "src", "src", "{02EA681E-C7D8-13C7-8484-4AC65E1B71E8}"
EndProject
Project("{2150E333-8FDC-42A3-9474-1A3956D46DE8}") = "Core", "Core", "{DFA955D2-D6DD-4977-9080-E8A4A128A20A}"
EndProject
Project("{2150E333-8FDC-42A3-9474-1A3956D46DE8}") = "Infrastructure", "Infrastructure", "{C692433B-65CF-469A-8BF7-D989EEDD6DA0}"
EndProject
Project("{2150E333-8FDC-42A3-9474-1A3956D46DE8}") = "Peresntation", "Peresntation", "{5A92A23C-FFE0-4EBE-ADFA-6E2971EE2E4B}"
EndProject
Project("{FAE04EC0-301F-11D3-BF4B-00C04F79EFBC}") = "GTS.Application", "GTS.Application\GTS.Application.csproj", "{A5FDDD28-1C19-4D93-AAFB-EE8FA49D28C4}"
EndProject
Project("{FAE04EC0-301F-11D3-BF4B-00C04F79EFBC}") = "GTS.Domain", "GTS.Domain\GTS.Domain.csproj", "{2CD5AD9B-FE85-4B82-AC14-083F2CD364E2}"
EndProject
Project("{FAE04EC0-301F-11D3-BF4B-00C04F79EFBC}") = "GTS.Persistance", "GTS.Persistance\GTS.Persistance.csproj", "{9D220AB0-F218-4AC5-85A2-7E5E41B836C7}"
EndProject
Project("{FAE04EC0-301F-11D3-BF4B-00C04F79EFBC}") = "GTS.Apis", "GTS.Apis\GTS.Apis.csproj", "{B416F1AD-5439-44DE-BC8E-1CC35E5D6647}"
EndProject
Project("{FAE04EC0-301F-11D3-BF4B-00C04F79EFBC}") = "GTS.TaskManagement.Shared", "GTS.TaskManagement.Shared\GTS.TaskManagement.Shared.csproj", "{FF1D3262-1601-476F-BAFF-74D074758D18}"
EndProject
Project("{2150E333-8FDC-42A3-9474-1A3956D46DE8}") = "UI", "UI", "{B3202E3C-1196-4D7C-A593-8808D892C8D3}"
	ProjectSection(SolutionItems) = preProject
		index.html = index.html
	EndProjectSection
EndProject
Global
	GlobalSection(SolutionConfigurationPlatforms) = preSolution
		Debug|Any CPU = Debug|Any CPU
		Release|Any CPU = Release|Any CPU
	EndGlobalSection
	GlobalSection(ProjectConfigurationPlatforms) = postSolution
		{A5FDDD28-1C19-4D93-AAFB-EE8FA49D28C4}.Debug|Any CPU.ActiveCfg = Debug|Any CPU
		{A5FDDD28-1C19-4D93-AAFB-EE8FA49D28C4}.Debug|Any CPU.Build.0 = Debug|Any CPU
		{A5FDDD28-1C19-4D93-AAFB-EE8FA49D28C4}.Release|Any CPU.ActiveCfg = Release|Any CPU
		{A5FDDD28-1C19-4D93-AAFB-EE8FA49D28C4}.Release|Any CPU.Build.0 = Release|Any CPU
		{2CD5AD9B-FE85-4B82-AC14-083F2CD364E2}.Debug|Any CPU.ActiveCfg = Debug|Any CPU
		{2CD5AD9B-FE85-4B82-AC14-083F2CD364E2}.Debug|Any CPU.Build.0 = Debug|Any CPU
		{2CD5AD9B-FE85-4B82-AC14-083F2CD364E2}.Release|Any CPU.ActiveCfg = Release|Any CPU
		{2CD5AD9B-FE85-4B82-AC14-083F2CD364E2}.Release|Any CPU.Build.0 = Release|Any CPU
		{9D220AB0-F218-4AC5-85A2-7E5E41B836C7}.Debug|Any CPU.ActiveCfg = Debug|Any CPU
		{9D220AB0-F218-4AC5-85A2-7E5E41B836C7}.Debug|Any CPU.Build.0 = Debug|Any CPU
		{9D220AB0-F218-4AC5-85A2-7E5E41B836C7}.Release|Any CPU.ActiveCfg = Release|Any CPU
		{9D220AB0-F218-4AC5-85A2-7E5E41B836C7}.Release|Any CPU.Build.0 = Release|Any CPU
		{B416F1AD-5439-44DE-BC8E-1CC35E5D6647}.Debug|Any CPU.ActiveCfg = Debug|Any CPU
		{B416F1AD-5439-44DE-BC8E-1CC35E5D6647}.Debug|Any CPU.Build.0 = Debug|Any CPU
		{B416F1AD-5439-44DE-BC8E-1CC35E5D6647}.Release|Any CPU.ActiveCfg = Release|Any CPU
		{B416F1AD-5439-44DE-BC8E-1CC35E5D6647}.Release|Any CPU.Build.0 = Release|Any CPU
		{FF1D3262-1601-476F-BAFF-74D074758D18}.Debug|Any CPU.ActiveCfg = Debug|Any CPU
		{FF1D3262-1601-476F-BAFF-74D074758D18}.Debug|Any CPU.Build.0 = Debug|Any CPU
		{FF1D3262-1601-476F-BAFF-74D074758D18}.Release|Any CPU.ActiveCfg = Release|Any CPU
		{FF1D3262-1601-476F-BAFF-74D074758D18}.Release|Any CPU.Build.0 = Release|Any CPU
	EndGlobalSection
	GlobalSection(SolutionProperties) = preSolution
		HideSolutionNode = FALSE
	EndGlobalSection
	GlobalSection(NestedProjects) = preSolution
		{DFA955D2-D6DD-4977-9080-E8A4A128A20A} = {02EA681E-C7D8-13C7-8484-4AC65E1B71E8}
		{C692433B-65CF-469A-8BF7-D989EEDD6DA0} = {02EA681E-C7D8-13C7-8484-4AC65E1B71E8}
		{5A92A23C-FFE0-4EBE-ADFA-6E2971EE2E4B} = {02EA681E-C7D8-13C7-8484-4AC65E1B71E8}
		{A5FDDD28-1C19-4D93-AAFB-EE8FA49D28C4} = {DFA955D2-D6DD-4977-9080-E8A4A128A20A}
		{2CD5AD9B-FE85-4B82-AC14-083F2CD364E2} = {DFA955D2-D6DD-4977-9080-E8A4A128A20A}
		{9D220AB0-F218-4AC5-85A2-7E5E41B836C7} = {C692433B-65CF-469A-8BF7-D989EEDD6DA0}
		{B416F1AD-5439-44DE-BC8E-1CC35E5D6647} = {5A92A23C-FFE0-4EBE-ADFA-6E2971EE2E4B}
		{FF1D3262-1601-476F-BAFF-74D074758D18} = {DFA955D2-D6DD-4977-9080-E8A4A128A20A}
		{B3202E3C-1196-4D7C-A593-8808D892C8D3} = {02EA681E-C7D8-13C7-8484-4AC65E1B71E8}
	EndGlobalSection
	GlobalSection(ExtensibilityGlobals) = postSolution
		SolutionGuid = {B6D37061-DB9E-4E57-85D7-001AF7886A9A}
	EndGlobalSection
EndGlobal
